// !$*UTF8*$!
{
	archiveVersion = 1;
	classes = {
	};
	objectVersion = 50;
	objects = {

/* Begin PBXBuildFile section */
		3E6E12C7EB65EB5237F64888 /* Pods_ThoughtworkMomentTests.framework in Frameworks */ = {isa = PBXBuildFile; fileRef = 0EFD787411A8844CD8CFC91D /* Pods_ThoughtworkMomentTests.framework */; };
		471D629923B624B000001375 /* AppDelegate.swift in Sources */ = {isa = PBXBuildFile; fileRef = 471D629823B624B000001375 /* AppDelegate.swift */; };
		471D629D23B624B000001375 /* ViewController.swift in Sources */ = {isa = PBXBuildFile; fileRef = 471D629C23B624B000001375 /* ViewController.swift */; };
		471D62A023B624B000001375 /* Main.storyboard in Resources */ = {isa = PBXBuildFile; fileRef = 471D629E23B624B000001375 /* Main.storyboard */; };
		471D62A223B624B200001375 /* Assets.xcassets in Resources */ = {isa = PBXBuildFile; fileRef = 471D62A123B624B200001375 /* Assets.xcassets */; };
		471D62A523B624B200001375 /* LaunchScreen.storyboard in Resources */ = {isa = PBXBuildFile; fileRef = 471D62A323B624B200001375 /* LaunchScreen.storyboard */; };
		471D62CB23B62E0F00001375 /* Firer.swift in Sources */ = {isa = PBXBuildFile; fileRef = 471D62C923B62E0F00001375 /* Firer.swift */; };
		471D62CC23B62E0F00001375 /* Configurations.swift in Sources */ = {isa = PBXBuildFile; fileRef = 471D62CA23B62E0F00001375 /* Configurations.swift */; };
		471D62CE23B62E4B00001375 /* DemoRequestConfig.swift in Sources */ = {isa = PBXBuildFile; fileRef = 471D62CD23B62E4B00001375 /* DemoRequestConfig.swift */; };
		471D62D023B62F9100001375 /* Apis.swift in Sources */ = {isa = PBXBuildFile; fileRef = 471D62CF23B62F9100001375 /* Apis.swift */; };
		471D62D323B638F400001375 /* CellProviding.swift in Sources */ = {isa = PBXBuildFile; fileRef = 471D62D223B638F400001375 /* CellProviding.swift */; };
		471D62DB23B63CE800001375 /* Tweets.swift in Sources */ = {isa = PBXBuildFile; fileRef = 471D62DA23B63CE800001375 /* Tweets.swift */; };
		471D62DD23B644F900001375 /* WrappedTweets.swift in Sources */ = {isa = PBXBuildFile; fileRef = 471D62DC23B644F900001375 /* WrappedTweets.swift */; };
		471D62E023B64A6800001375 /* TweetSlices.swift in Sources */ = {isa = PBXBuildFile; fileRef = 471D62DF23B64A6800001375 /* TweetSlices.swift */; };
		471D62E323B64B0600001375 /* BasicTweetCell.swift in Sources */ = {isa = PBXBuildFile; fileRef = 471D62E223B64B0600001375 /* BasicTweetCell.swift */; };
		471D62E523B64D2B00001375 /* ImageCell.swift in Sources */ = {isa = PBXBuildFile; fileRef = 471D62E423B64D2B00001375 /* ImageCell.swift */; };
		471D62E723B64E4D00001375 /* CommentCell.swift in Sources */ = {isa = PBXBuildFile; fileRef = 471D62E623B64E4D00001375 /* CommentCell.swift */; };
		471D62E923B6501B00001375 /* TweetMainViewModel.swift in Sources */ = {isa = PBXBuildFile; fileRef = 471D62E823B6501B00001375 /* TweetMainViewModel.swift */; };
		471D62EC23B6652100001375 /* RxExtensions.swift in Sources */ = {isa = PBXBuildFile; fileRef = 471D62EB23B6652100001375 /* RxExtensions.swift */; };
		471D62EE23B6EFF900001375 /* BasicExtensions.swift in Sources */ = {isa = PBXBuildFile; fileRef = 471D62ED23B6EFF900001375 /* BasicExtensions.swift */; };
		471D62F023B71FF600001375 /* Layout.swift in Sources */ = {isa = PBXBuildFile; fileRef = 471D62EF23B71FF600001375 /* Layout.swift */; };
		471D62F323B78AE700001375 /* ImageExtension.swift in Sources */ = {isa = PBXBuildFile; fileRef = 471D62F223B78AE700001375 /* ImageExtension.swift */; };
		471D62F523B78FB900001375 /* ImageManager.swift in Sources */ = {isa = PBXBuildFile; fileRef = 471D62F423B78FB900001375 /* ImageManager.swift */; };
		471D62F723B883F000001375 /* ProfileViewModel.swift in Sources */ = {isa = PBXBuildFile; fileRef = 471D62F623B883F000001375 /* ProfileViewModel.swift */; };
		471D62FA23B88B6500001375 /* UserInfoHeaderView.swift in Sources */ = {isa = PBXBuildFile; fileRef = 471D62F823B88B6500001375 /* UserInfoHeaderView.swift */; };
		471D62FB23B88B6500001375 /* UserInfoHeaderView.xib in Resources */ = {isa = PBXBuildFile; fileRef = 471D62F923B88B6500001375 /* UserInfoHeaderView.xib */; };
		471D62FD23B8986500001375 /* Plugins.swift in Sources */ = {isa = PBXBuildFile; fileRef = 471D62FC23B8986500001375 /* Plugins.swift */; };
		4762A8BB23B9B86D00497E2C /* ContentDetailViewController.swift in Sources */ = {isa = PBXBuildFile; fileRef = 4762A8B923B9B86D00497E2C /* ContentDetailViewController.swift */; };
		4762A8BC23B9B86D00497E2C /* ContentDetailViewController.xib in Resources */ = {isa = PBXBuildFile; fileRef = 4762A8BA23B9B86D00497E2C /* ContentDetailViewController.xib */; };
		4762A8BE23B9CF1C00497E2C /* TweetValidator.swift in Sources */ = {isa = PBXBuildFile; fileRef = 4762A8BD23B9CF1C00497E2C /* TweetValidator.swift */; };
		4762A8C023B9CF2A00497E2C /* TweetFetcher.swift in Sources */ = {isa = PBXBuildFile; fileRef = 4762A8BF23B9CF2A00497E2C /* TweetFetcher.swift */; };
		4762A8C223B9CF3900497E2C /* TweetHandler.swift in Sources */ = {isa = PBXBuildFile; fileRef = 4762A8C123B9CF3900497E2C /* TweetHandler.swift */; };
		4762A8C623BAEF8800497E2C /* TweetsTests.swift in Sources */ = {isa = PBXBuildFile; fileRef = 4762A8C523BAEF8800497E2C /* TweetsTests.swift */; };
		4762A8C823BB0F2C00497E2C /* CommonSettings.swift in Sources */ = {isa = PBXBuildFile; fileRef = 4762A8C723BB0F2C00497E2C /* CommonSettings.swift */; };
		4762A8CD23BB342000497E2C /* BottomLineView.swift in Sources */ = {isa = PBXBuildFile; fileRef = 4762A8CB23BB342000497E2C /* BottomLineView.swift */; };
		4762A8CE23BB342000497E2C /* BottomLineView.xib in Resources */ = {isa = PBXBuildFile; fileRef = 4762A8CC23BB342000497E2C /* BottomLineView.xib */; };
		5BA4483A5685D719CE5AE1A5 /* Pods_ThoughtworkMoment.framework in Frameworks */ = {isa = PBXBuildFile; fileRef = DC22584B1A4ACD30CE1880A4 /* Pods_ThoughtworkMoment.framework */; };
/* End PBXBuildFile section */

/* Begin PBXContainerItemProxy section */
		471D62AC23B624B200001375 /* PBXContainerItemProxy */ = {
			isa = PBXContainerItemProxy;
			containerPortal = 471D628D23B624B000001375 /* Project object */;
			proxyType = 1;
			remoteGlobalIDString = 471D629423B624B000001375;
			remoteInfo = ThoughtworkMoment;
		};
/* End PBXContainerItemProxy section */

/* Begin PBXFileReference section */
		022458CAEEA7F3605C5425CE /* Pods-ThoughtworkMoment-Tests-ThoughtworkMomentTests.debug.xcconfig */ = {isa = PBXFileReference; includeInIndex = 1; lastKnownFileType = text.xcconfig; name = "Pods-ThoughtworkMoment-Tests-ThoughtworkMomentTests.debug.xcconfig"; path = "Target Support Files/Pods-ThoughtworkMoment-Tests-ThoughtworkMomentTests/Pods-ThoughtworkMoment-Tests-ThoughtworkMomentTests.debug.xcconfig"; sourceTree = "<group>"; };
		0EFD787411A8844CD8CFC91D /* Pods_ThoughtworkMomentTests.framework */ = {isa = PBXFileReference; explicitFileType = wrapper.framework; includeInIndex = 0; path = Pods_ThoughtworkMomentTests.framework; sourceTree = BUILT_PRODUCTS_DIR; };
		1CBD136AB53E98F7BB1237C2 /* Pods-ThoughtworkMoment.debug.xcconfig */ = {isa = PBXFileReference; includeInIndex = 1; lastKnownFileType = text.xcconfig; name = "Pods-ThoughtworkMoment.debug.xcconfig"; path = "Target Support Files/Pods-ThoughtworkMoment/Pods-ThoughtworkMoment.debug.xcconfig"; sourceTree = "<group>"; };
		326994D7272642C00B0CD5B6 /* Pods-ThoughtworkMomentTests.release.xcconfig */ = {isa = PBXFileReference; includeInIndex = 1; lastKnownFileType = text.xcconfig; name = "Pods-ThoughtworkMomentTests.release.xcconfig"; path = "Target Support Files/Pods-ThoughtworkMomentTests/Pods-ThoughtworkMomentTests.release.xcconfig"; sourceTree = "<group>"; };
		471D629523B624B000001375 /* ThoughtworkMoment.app */ = {isa = PBXFileReference; explicitFileType = wrapper.application; includeInIndex = 0; path = ThoughtworkMoment.app; sourceTree = BUILT_PRODUCTS_DIR; };
		471D629823B624B000001375 /* AppDelegate.swift */ = {isa = PBXFileReference; lastKnownFileType = sourcecode.swift; path = AppDelegate.swift; sourceTree = "<group>"; };
		471D629C23B624B000001375 /* ViewController.swift */ = {isa = PBXFileReference; lastKnownFileType = sourcecode.swift; path = ViewController.swift; sourceTree = "<group>"; };
		471D629F23B624B000001375 /* Base */ = {isa = PBXFileReference; lastKnownFileType = file.storyboard; name = Base; path = Base.lproj/Main.storyboard; sourceTree = "<group>"; };
		471D62A123B624B200001375 /* Assets.xcassets */ = {isa = PBXFileReference; lastKnownFileType = folder.assetcatalog; path = Assets.xcassets; sourceTree = "<group>"; };
		471D62A423B624B200001375 /* Base */ = {isa = PBXFileReference; lastKnownFileType = file.storyboard; name = Base; path = Base.lproj/LaunchScreen.storyboard; sourceTree = "<group>"; };
		471D62A623B624B200001375 /* Info.plist */ = {isa = PBXFileReference; lastKnownFileType = text.plist.xml; path = Info.plist; sourceTree = "<group>"; };
		471D62AB23B624B200001375 /* ThoughtworkMomentTests.xctest */ = {isa = PBXFileReference; explicitFileType = wrapper.cfbundle; includeInIndex = 0; path = ThoughtworkMomentTests.xctest; sourceTree = BUILT_PRODUCTS_DIR; };
		471D62B123B624B200001375 /* Info.plist */ = {isa = PBXFileReference; lastKnownFileType = text.plist.xml; path = Info.plist; sourceTree = "<group>"; };
		471D62C923B62E0F00001375 /* Firer.swift */ = {isa = PBXFileReference; fileEncoding = 4; lastKnownFileType = sourcecode.swift; path = Firer.swift; sourceTree = "<group>"; };
		471D62CA23B62E0F00001375 /* Configurations.swift */ = {isa = PBXFileReference; fileEncoding = 4; lastKnownFileType = sourcecode.swift; path = Configurations.swift; sourceTree = "<group>"; };
		471D62CD23B62E4B00001375 /* DemoRequestConfig.swift */ = {isa = PBXFileReference; lastKnownFileType = sourcecode.swift; path = DemoRequestConfig.swift; sourceTree = "<group>"; };
		471D62CF23B62F9100001375 /* Apis.swift */ = {isa = PBXFileReference; lastKnownFileType = sourcecode.swift; path = Apis.swift; sourceTree = "<group>"; };
		471D62D223B638F400001375 /* CellProviding.swift */ = {isa = PBXFileReference; lastKnownFileType = sourcecode.swift; path = CellProviding.swift; sourceTree = "<group>"; };
		471D62DA23B63CE800001375 /* Tweets.swift */ = {isa = PBXFileReference; lastKnownFileType = sourcecode.swift; path = Tweets.swift; sourceTree = "<group>"; };
		471D62DC23B644F900001375 /* WrappedTweets.swift */ = {isa = PBXFileReference; lastKnownFileType = sourcecode.swift; path = WrappedTweets.swift; sourceTree = "<group>"; };
		471D62DF23B64A6800001375 /* TweetSlices.swift */ = {isa = PBXFileReference; lastKnownFileType = sourcecode.swift; path = TweetSlices.swift; sourceTree = "<group>"; };
		471D62E223B64B0600001375 /* BasicTweetCell.swift */ = {isa = PBXFileReference; lastKnownFileType = sourcecode.swift; path = BasicTweetCell.swift; sourceTree = "<group>"; };
		471D62E423B64D2B00001375 /* ImageCell.swift */ = {isa = PBXFileReference; lastKnownFileType = sourcecode.swift; path = ImageCell.swift; sourceTree = "<group>"; };
		471D62E623B64E4D00001375 /* CommentCell.swift */ = {isa = PBXFileReference; lastKnownFileType = sourcecode.swift; path = CommentCell.swift; sourceTree = "<group>"; };
		471D62E823B6501B00001375 /* TweetMainViewModel.swift */ = {isa = PBXFileReference; lastKnownFileType = sourcecode.swift; path = TweetMainViewModel.swift; sourceTree = "<group>"; };
		471D62EB23B6652100001375 /* RxExtensions.swift */ = {isa = PBXFileReference; lastKnownFileType = sourcecode.swift; path = RxExtensions.swift; sourceTree = "<group>"; };
		471D62ED23B6EFF900001375 /* BasicExtensions.swift */ = {isa = PBXFileReference; lastKnownFileType = sourcecode.swift; path = BasicExtensions.swift; sourceTree = "<group>"; };
		471D62EF23B71FF600001375 /* Layout.swift */ = {isa = PBXFileReference; lastKnownFileType = sourcecode.swift; path = Layout.swift; sourceTree = "<group>"; };
		471D62F223B78AE700001375 /* ImageExtension.swift */ = {isa = PBXFileReference; lastKnownFileType = sourcecode.swift; path = ImageExtension.swift; sourceTree = "<group>"; };
		471D62F423B78FB900001375 /* ImageManager.swift */ = {isa = PBXFileReference; lastKnownFileType = sourcecode.swift; path = ImageManager.swift; sourceTree = "<group>"; };
		471D62F623B883F000001375 /* ProfileViewModel.swift */ = {isa = PBXFileReference; lastKnownFileType = sourcecode.swift; path = ProfileViewModel.swift; sourceTree = "<group>"; };
		471D62F823B88B6500001375 /* UserInfoHeaderView.swift */ = {isa = PBXFileReference; lastKnownFileType = sourcecode.swift; path = UserInfoHeaderView.swift; sourceTree = "<group>"; };
		471D62F923B88B6500001375 /* UserInfoHeaderView.xib */ = {isa = PBXFileReference; lastKnownFileType = file.xib; path = UserInfoHeaderView.xib; sourceTree = "<group>"; };
		471D62FC23B8986500001375 /* Plugins.swift */ = {isa = PBXFileReference; lastKnownFileType = sourcecode.swift; path = Plugins.swift; sourceTree = "<group>"; };
		4762A8B923B9B86D00497E2C /* ContentDetailViewController.swift */ = {isa = PBXFileReference; lastKnownFileType = sourcecode.swift; path = ContentDetailViewController.swift; sourceTree = "<group>"; };
		4762A8BA23B9B86D00497E2C /* ContentDetailViewController.xib */ = {isa = PBXFileReference; lastKnownFileType = file.xib; path = ContentDetailViewController.xib; sourceTree = "<group>"; };
		4762A8BD23B9CF1C00497E2C /* TweetValidator.swift */ = {isa = PBXFileReference; lastKnownFileType = sourcecode.swift; path = TweetValidator.swift; sourceTree = "<group>"; };
		4762A8BF23B9CF2A00497E2C /* TweetFetcher.swift */ = {isa = PBXFileReference; lastKnownFileType = sourcecode.swift; path = TweetFetcher.swift; sourceTree = "<group>"; };
		4762A8C123B9CF3900497E2C /* TweetHandler.swift */ = {isa = PBXFileReference; lastKnownFileType = sourcecode.swift; path = TweetHandler.swift; sourceTree = "<group>"; };
		4762A8C523BAEF8800497E2C /* TweetsTests.swift */ = {isa = PBXFileReference; lastKnownFileType = sourcecode.swift; path = TweetsTests.swift; sourceTree = "<group>"; };
		4762A8C723BB0F2C00497E2C /* CommonSettings.swift */ = {isa = PBXFileReference; lastKnownFileType = sourcecode.swift; path = CommonSettings.swift; sourceTree = "<group>"; };
		4762A8CB23BB342000497E2C /* BottomLineView.swift */ = {isa = PBXFileReference; lastKnownFileType = sourcecode.swift; path = BottomLineView.swift; sourceTree = "<group>"; };
		4762A8CC23BB342000497E2C /* BottomLineView.xib */ = {isa = PBXFileReference; lastKnownFileType = file.xib; path = BottomLineView.xib; sourceTree = "<group>"; };
		6A4E056D8BDC7B3FC31E0BB8 /* Pods-ThoughtworkMoment-Tests-ThoughtworkMomentTests.release.xcconfig */ = {isa = PBXFileReference; includeInIndex = 1; lastKnownFileType = text.xcconfig; name = "Pods-ThoughtworkMoment-Tests-ThoughtworkMomentTests.release.xcconfig"; path = "Target Support Files/Pods-ThoughtworkMoment-Tests-ThoughtworkMomentTests/Pods-ThoughtworkMoment-Tests-ThoughtworkMomentTests.release.xcconfig"; sourceTree = "<group>"; };
		A847E63A7914A48E8972572D /* Pods-ThoughtworkMoment.release.xcconfig */ = {isa = PBXFileReference; includeInIndex = 1; lastKnownFileType = text.xcconfig; name = "Pods-ThoughtworkMoment.release.xcconfig"; path = "Target Support Files/Pods-ThoughtworkMoment/Pods-ThoughtworkMoment.release.xcconfig"; sourceTree = "<group>"; };
		DC22584B1A4ACD30CE1880A4 /* Pods_ThoughtworkMoment.framework */ = {isa = PBXFileReference; explicitFileType = wrapper.framework; includeInIndex = 0; path = Pods_ThoughtworkMoment.framework; sourceTree = BUILT_PRODUCTS_DIR; };
		F54205C3DFAEF3285571DDFE /* Pods_ThoughtworkMoment_Tests_ThoughtworkMomentTests.framework */ = {isa = PBXFileReference; explicitFileType = wrapper.framework; includeInIndex = 0; path = Pods_ThoughtworkMoment_Tests_ThoughtworkMomentTests.framework; sourceTree = BUILT_PRODUCTS_DIR; };
		FBE1ED0214E6447D0E280622 /* Pods-ThoughtworkMomentTests.debug.xcconfig */ = {isa = PBXFileReference; includeInIndex = 1; lastKnownFileType = text.xcconfig; name = "Pods-ThoughtworkMomentTests.debug.xcconfig"; path = "Target Support Files/Pods-ThoughtworkMomentTests/Pods-ThoughtworkMomentTests.debug.xcconfig"; sourceTree = "<group>"; };
/* End PBXFileReference section */

/* Begin PBXFrameworksBuildPhase section */
		471D629223B624B000001375 /* Frameworks */ = {
			isa = PBXFrameworksBuildPhase;
			buildActionMask = 2147483647;
			files = (
				5BA4483A5685D719CE5AE1A5 /* Pods_ThoughtworkMoment.framework in Frameworks */,
			);
			runOnlyForDeploymentPostprocessing = 0;
		};
		471D62A823B624B200001375 /* Frameworks */ = {
			isa = PBXFrameworksBuildPhase;
			buildActionMask = 2147483647;
			files = (
				3E6E12C7EB65EB5237F64888 /* Pods_ThoughtworkMomentTests.framework in Frameworks */,
			);
			runOnlyForDeploymentPostprocessing = 0;
		};
/* End PBXFrameworksBuildPhase section */

/* Begin PBXGroup section */
		1C32021D2E60CB7729BF19E2 /* Frameworks */ = {
			isa = PBXGroup;
			children = (
				DC22584B1A4ACD30CE1880A4 /* Pods_ThoughtworkMoment.framework */,
				0EFD787411A8844CD8CFC91D /* Pods_ThoughtworkMomentTests.framework */,
				F54205C3DFAEF3285571DDFE /* Pods_ThoughtworkMoment_Tests_ThoughtworkMomentTests.framework */,
			);
			name = Frameworks;
			sourceTree = "<group>";
		};
		471D628C23B624B000001375 = {
			isa = PBXGroup;
			children = (
				471D629723B624B000001375 /* ThoughtworkMoment */,
				471D62AE23B624B200001375 /* ThoughtworkMomentTests */,
				471D629623B624B000001375 /* Products */,
				96083F9EAEF34FE76E700BA0 /* Pods */,
				1C32021D2E60CB7729BF19E2 /* Frameworks */,
			);
			sourceTree = "<group>";
		};
		471D629623B624B000001375 /* Products */ = {
			isa = PBXGroup;
			children = (
				471D629523B624B000001375 /* ThoughtworkMoment.app */,
				471D62AB23B624B200001375 /* ThoughtworkMomentTests.xctest */,
			);
			name = Products;
			sourceTree = "<group>";
		};
		471D629723B624B000001375 /* ThoughtworkMoment */ = {
			isa = PBXGroup;
			children = (
				471D62F123B78AD300001375 /* ImageBox */,
				471D62EA23B6651100001375 /* Extensions */,
				471D62E123B64AED00001375 /* Views */,
				471D62DE23B64A4F00001375 /* ViewModels */,
				471D62D723B63CBD00001375 /* Models */,
				471D62D123B6389A00001375 /* Bases */,
				471D62C823B62E0F00001375 /* Request */,
				471D629823B624B000001375 /* AppDelegate.swift */,
				471D629C23B624B000001375 /* ViewController.swift */,
				471D629E23B624B000001375 /* Main.storyboard */,
				471D62A123B624B200001375 /* Assets.xcassets */,
				471D62A323B624B200001375 /* LaunchScreen.storyboard */,
				471D62A623B624B200001375 /* Info.plist */,
			);
			path = ThoughtworkMoment;
			sourceTree = "<group>";
		};
		471D62AE23B624B200001375 /* ThoughtworkMomentTests */ = {
			isa = PBXGroup;
			children = (
				471D62B123B624B200001375 /* Info.plist */,
				4762A8C523BAEF8800497E2C /* TweetsTests.swift */,
			);
			path = ThoughtworkMomentTests;
			sourceTree = "<group>";
		};
		471D62C823B62E0F00001375 /* Request */ = {
			isa = PBXGroup;
			children = (
				471D62C923B62E0F00001375 /* Firer.swift */,
				471D62CA23B62E0F00001375 /* Configurations.swift */,
				471D62CD23B62E4B00001375 /* DemoRequestConfig.swift */,
				471D62CF23B62F9100001375 /* Apis.swift */,
			);
			path = Request;
			sourceTree = "<group>";
		};
		471D62D123B6389A00001375 /* Bases */ = {
			isa = PBXGroup;
			children = (
				471D62DC23B644F900001375 /* WrappedTweets.swift */,
				471D62D223B638F400001375 /* CellProviding.swift */,
			);
			path = Bases;
			sourceTree = "<group>";
		};
		471D62D723B63CBD00001375 /* Models */ = {
			isa = PBXGroup;
			children = (
				471D62DA23B63CE800001375 /* Tweets.swift */,
			);
			path = Models;
			sourceTree = "<group>";
		};
		471D62DE23B64A4F00001375 /* ViewModels */ = {
			isa = PBXGroup;
			children = (
				471D62DF23B64A6800001375 /* TweetSlices.swift */,
				471D62E823B6501B00001375 /* TweetMainViewModel.swift */,
				471D62F623B883F000001375 /* ProfileViewModel.swift */,
				471D62FC23B8986500001375 /* Plugins.swift */,
				4762A8BD23B9CF1C00497E2C /* TweetValidator.swift */,
				4762A8BF23B9CF2A00497E2C /* TweetFetcher.swift */,
				4762A8C123B9CF3900497E2C /* TweetHandler.swift */,
			);
			path = ViewModels;
			sourceTree = "<group>";
		};
		471D62E123B64AED00001375 /* Views */ = {
			isa = PBXGroup;
			children = (
				471D62E223B64B0600001375 /* BasicTweetCell.swift */,
				471D62E423B64D2B00001375 /* ImageCell.swift */,
				471D62E623B64E4D00001375 /* CommentCell.swift */,
				471D62EF23B71FF600001375 /* Layout.swift */,
				471D62F823B88B6500001375 /* UserInfoHeaderView.swift */,
				471D62F923B88B6500001375 /* UserInfoHeaderView.xib */,
				4762A8B923B9B86D00497E2C /* ContentDetailViewController.swift */,
				4762A8BA23B9B86D00497E2C /* ContentDetailViewController.xib */,
				4762A8C723BB0F2C00497E2C /* CommonSettings.swift */,
				4762A8CB23BB342000497E2C /* BottomLineView.swift */,
				4762A8CC23BB342000497E2C /* BottomLineView.xib */,
			);
			path = Views;
			sourceTree = "<group>";
		};
		471D62EA23B6651100001375 /* Extensions */ = {
			isa = PBXGroup;
			children = (
				471D62EB23B6652100001375 /* RxExtensions.swift */,
				471D62ED23B6EFF900001375 /* BasicExtensions.swift */,
			);
			path = Extensions;
			sourceTree = "<group>";
		};
		471D62F123B78AD300001375 /* ImageBox */ = {
			isa = PBXGroup;
			children = (
				471D62F223B78AE700001375 /* ImageExtension.swift */,
				471D62F423B78FB900001375 /* ImageManager.swift */,
			);
			path = ImageBox;
			sourceTree = "<group>";
		};
		96083F9EAEF34FE76E700BA0 /* Pods */ = {
			isa = PBXGroup;
			children = (
				1CBD136AB53E98F7BB1237C2 /* Pods-ThoughtworkMoment.debug.xcconfig */,
				A847E63A7914A48E8972572D /* Pods-ThoughtworkMoment.release.xcconfig */,
				FBE1ED0214E6447D0E280622 /* Pods-ThoughtworkMomentTests.debug.xcconfig */,
				326994D7272642C00B0CD5B6 /* Pods-ThoughtworkMomentTests.release.xcconfig */,
				022458CAEEA7F3605C5425CE /* Pods-ThoughtworkMoment-Tests-ThoughtworkMomentTests.debug.xcconfig */,
				6A4E056D8BDC7B3FC31E0BB8 /* Pods-ThoughtworkMoment-Tests-ThoughtworkMomentTests.release.xcconfig */,
			);
			path = Pods;
			sourceTree = "<group>";
		};
/* End PBXGroup section */

/* Begin PBXNativeTarget section */
		471D629423B624B000001375 /* ThoughtworkMoment */ = {
			isa = PBXNativeTarget;
			buildConfigurationList = 471D62BF23B624B200001375 /* Build configuration list for PBXNativeTarget "ThoughtworkMoment" */;
			buildPhases = (
				8181B5A93096296E1461669F /* [CP] Check Pods Manifest.lock */,
				471D629123B624B000001375 /* Sources */,
				471D629223B624B000001375 /* Frameworks */,
				471D629323B624B000001375 /* Resources */,
				17A508D26D0F32BCD1AE5FA9 /* [CP] Embed Pods Frameworks */,
			);
			buildRules = (
			);
			dependencies = (
			);
			name = ThoughtworkMoment;
			productName = ThoughtworkMoment;
			productReference = 471D629523B624B000001375 /* ThoughtworkMoment.app */;
			productType = "com.apple.product-type.application";
		};
		471D62AA23B624B200001375 /* ThoughtworkMomentTests */ = {
			isa = PBXNativeTarget;
			buildConfigurationList = 471D62C223B624B200001375 /* Build configuration list for PBXNativeTarget "ThoughtworkMomentTests" */;
			buildPhases = (
				E679991C822DE0C4A0281739 /* [CP] Check Pods Manifest.lock */,
				471D62A723B624B200001375 /* Sources */,
				471D62A823B624B200001375 /* Frameworks */,
				471D62A923B624B200001375 /* Resources */,
				8765B74B9DEC8394A8CE2554 /* [CP] Embed Pods Frameworks */,
			);
			buildRules = (
			);
			dependencies = (
				471D62AD23B624B200001375 /* PBXTargetDependency */,
			);
			name = ThoughtworkMomentTests;
			productName = ThoughtworkMomentTests;
			productReference = 471D62AB23B624B200001375 /* ThoughtworkMomentTests.xctest */;
			productType = "com.apple.product-type.bundle.unit-test";
		};
/* End PBXNativeTarget section */

/* Begin PBXProject section */
		471D628D23B624B000001375 /* Project object */ = {
			isa = PBXProject;
			attributes = {
				LastSwiftUpdateCheck = 1130;
				LastUpgradeCheck = 1130;
				ORGANIZATIONNAME = Harly;
				TargetAttributes = {
					471D629423B624B000001375 = {
						CreatedOnToolsVersion = 11.3;
					};
					471D62AA23B624B200001375 = {
						CreatedOnToolsVersion = 11.3;
						TestTargetID = 471D629423B624B000001375;
					};
				};
			};
			buildConfigurationList = 471D629023B624B000001375 /* Build configuration list for PBXProject "ThoughtworkMoment" */;
			compatibilityVersion = "Xcode 9.3";
			developmentRegion = en;
			hasScannedForEncodings = 0;
			knownRegions = (
				en,
				Base,
			);
			mainGroup = 471D628C23B624B000001375;
			productRefGroup = 471D629623B624B000001375 /* Products */;
			projectDirPath = "";
			projectRoot = "";
			targets = (
				471D629423B624B000001375 /* ThoughtworkMoment */,
				471D62AA23B624B200001375 /* ThoughtworkMomentTests */,
			);
		};
/* End PBXProject section */

/* Begin PBXResourcesBuildPhase section */
		471D629323B624B000001375 /* Resources */ = {
			isa = PBXResourcesBuildPhase;
			buildActionMask = 2147483647;
			files = (
				471D62A523B624B200001375 /* LaunchScreen.storyboard in Resources */,
				4762A8BC23B9B86D00497E2C /* ContentDetailViewController.xib in Resources */,
				471D62A223B624B200001375 /* Assets.xcassets in Resources */,
				471D62FB23B88B6500001375 /* UserInfoHeaderView.xib in Resources */,
				471D62A023B624B000001375 /* Main.storyboard in Resources */,
				4762A8CE23BB342000497E2C /* BottomLineView.xib in Resources */,
			);
			runOnlyForDeploymentPostprocessing = 0;
		};
		471D62A923B624B200001375 /* Resources */ = {
			isa = PBXResourcesBuildPhase;
			buildActionMask = 2147483647;
			files = (
			);
			runOnlyForDeploymentPostprocessing = 0;
		};
/* End PBXResourcesBuildPhase section */

/* Begin PBXShellScriptBuildPhase section */
		17A508D26D0F32BCD1AE5FA9 /* [CP] Embed Pods Frameworks */ = {
			isa = PBXShellScriptBuildPhase;
			buildActionMask = 2147483647;
			files = (
			);
			inputFileListPaths = (
			);
			inputPaths = (
				"${PODS_ROOT}/Target Support Files/Pods-ThoughtworkMoment/Pods-ThoughtworkMoment-frameworks.sh",
				"${BUILT_PRODUCTS_DIR}/CleanJSON/CleanJSON.framework",
				"${BUILT_PRODUCTS_DIR}/ESPullToRefresh/ESPullToRefresh.framework",
				"${BUILT_PRODUCTS_DIR}/RxCocoa/RxCocoa.framework",
				"${BUILT_PRODUCTS_DIR}/RxRelay/RxRelay.framework",
				"${BUILT_PRODUCTS_DIR}/RxSwift/RxSwift.framework",
				"${BUILT_PRODUCTS_DIR}/RxSwiftUtilities/RxSwiftUtilities.framework",
			);
			name = "[CP] Embed Pods Frameworks";
			outputFileListPaths = (
			);
			outputPaths = (
				"${TARGET_BUILD_DIR}/${FRAMEWORKS_FOLDER_PATH}/CleanJSON.framework",
				"${TARGET_BUILD_DIR}/${FRAMEWORKS_FOLDER_PATH}/ESPullToRefresh.framework",
				"${TARGET_BUILD_DIR}/${FRAMEWORKS_FOLDER_PATH}/RxCocoa.framework",
				"${TARGET_BUILD_DIR}/${FRAMEWORKS_FOLDER_PATH}/RxRelay.framework",
				"${TARGET_BUILD_DIR}/${FRAMEWORKS_FOLDER_PATH}/RxSwift.framework",
				"${TARGET_BUILD_DIR}/${FRAMEWORKS_FOLDER_PATH}/RxSwiftUtilities.framework",
			);
			runOnlyForDeploymentPostprocessing = 0;
			shellPath = /bin/sh;
			shellScript = "\"${PODS_ROOT}/Target Support Files/Pods-ThoughtworkMoment/Pods-ThoughtworkMoment-frameworks.sh\"\n";
			showEnvVarsInLog = 0;
		};
		8181B5A93096296E1461669F /* [CP] Check Pods Manifest.lock */ = {
			isa = PBXShellScriptBuildPhase;
			buildActionMask = 2147483647;
			files = (
			);
			inputFileListPaths = (
			);
			inputPaths = (
				"${PODS_PODFILE_DIR_PATH}/Podfile.lock",
				"${PODS_ROOT}/Manifest.lock",
			);
			name = "[CP] Check Pods Manifest.lock";
			outputFileListPaths = (
			);
			outputPaths = (
				"$(DERIVED_FILE_DIR)/Pods-ThoughtworkMoment-checkManifestLockResult.txt",
			);
			runOnlyForDeploymentPostprocessing = 0;
			shellPath = /bin/sh;
			shellScript = "diff \"${PODS_PODFILE_DIR_PATH}/Podfile.lock\" \"${PODS_ROOT}/Manifest.lock\" > /dev/null\nif [ $? != 0 ] ; then\n    # print error to STDERR\n    echo \"error: The sandbox is not in sync with the Podfile.lock. Run 'pod install' or update your CocoaPods installation.\" >&2\n    exit 1\nfi\n# This output is used by Xcode 'outputs' to avoid re-running this script phase.\necho \"SUCCESS\" > \"${SCRIPT_OUTPUT_FILE_0}\"\n";
			showEnvVarsInLog = 0;
		};
		8765B74B9DEC8394A8CE2554 /* [CP] Embed Pods Frameworks */ = {
			isa = PBXShellScriptBuildPhase;
			buildActionMask = 2147483647;
			files = (
			);
			inputFileListPaths = (
			);
			inputPaths = (
				"${PODS_ROOT}/Target Support Files/Pods-ThoughtworkMomentTests/Pods-ThoughtworkMomentTests-frameworks.sh",
				"${BUILT_PRODUCTS_DIR}/RxCocoa/RxCocoa.framework",
				"${BUILT_PRODUCTS_DIR}/RxRelay/RxRelay.framework",
				"${BUILT_PRODUCTS_DIR}/RxSwift/RxSwift.framework",
				"${BUILT_PRODUCTS_DIR}/RxBlocking/RxBlocking.framework",
				"${BUILT_PRODUCTS_DIR}/RxTest/RxTest.framework",
			);
			name = "[CP] Embed Pods Frameworks";
			outputFileListPaths = (
			);
			outputPaths = (
				"${TARGET_BUILD_DIR}/${FRAMEWORKS_FOLDER_PATH}/RxCocoa.framework",
				"${TARGET_BUILD_DIR}/${FRAMEWORKS_FOLDER_PATH}/RxRelay.framework",
				"${TARGET_BUILD_DIR}/${FRAMEWORKS_FOLDER_PATH}/RxSwift.framework",
				"${TARGET_BUILD_DIR}/${FRAMEWORKS_FOLDER_PATH}/RxBlocking.framework",
				"${TARGET_BUILD_DIR}/${FRAMEWORKS_FOLDER_PATH}/RxTest.framework",
			);
			runOnlyForDeploymentPostprocessing = 0;
			shellPath = /bin/sh;
			shellScript = "\"${PODS_ROOT}/Target Support Files/Pods-ThoughtworkMomentTests/Pods-ThoughtworkMomentTests-frameworks.sh\"\n";
			showEnvVarsInLog = 0;
		};
		E679991C822DE0C4A0281739 /* [CP] Check Pods Manifest.lock */ = {
			isa = PBXShellScriptBuildPhase;
			buildActionMask = 2147483647;
			files = (
			);
			inputFileListPaths = (
			);
			inputPaths = (
				"${PODS_PODFILE_DIR_PATH}/Podfile.lock",
				"${PODS_ROOT}/Manifest.lock",
			);
			name = "[CP] Check Pods Manifest.lock";
			outputFileListPaths = (
			);
			outputPaths = (
				"$(DERIVED_FILE_DIR)/Pods-ThoughtworkMomentTests-checkManifestLockResult.txt",
			);
			runOnlyForDeploymentPostprocessing = 0;
			shellPath = /bin/sh;
			shellScript = "diff \"${PODS_PODFILE_DIR_PATH}/Podfile.lock\" \"${PODS_ROOT}/Manifest.lock\" > /dev/null\nif [ $? != 0 ] ; then\n    # print error to STDERR\n    echo \"error: The sandbox is not in sync with the Podfile.lock. Run 'pod install' or update your CocoaPods installation.\" >&2\n    exit 1\nfi\n# This output is used by Xcode 'outputs' to avoid re-running this script phase.\necho \"SUCCESS\" > \"${SCRIPT_OUTPUT_FILE_0}\"\n";
			showEnvVarsInLog = 0;
		};
/* End PBXShellScriptBuildPhase section */

/* Begin PBXSourcesBuildPhase section */
		471D629123B624B000001375 /* Sources */ = {
			isa = PBXSourcesBuildPhase;
			buildActionMask = 2147483647;
			files = (
				471D62D323B638F400001375 /* CellProviding.swift in Sources */,
				471D62F323B78AE700001375 /* ImageExtension.swift in Sources */,
				471D629D23B624B000001375 /* ViewController.swift in Sources */,
				471D62E323B64B0600001375 /* BasicTweetCell.swift in Sources */,
				471D62CC23B62E0F00001375 /* Configurations.swift in Sources */,
				471D62DD23B644F900001375 /* WrappedTweets.swift in Sources */,
				4762A8C223B9CF3900497E2C /* TweetHandler.swift in Sources */,
				471D62F723B883F000001375 /* ProfileViewModel.swift in Sources */,
				471D62FD23B8986500001375 /* Plugins.swift in Sources */,
				471D62F023B71FF600001375 /* Layout.swift in Sources */,
				4762A8C823BB0F2C00497E2C /* CommonSettings.swift in Sources */,
				4762A8C023B9CF2A00497E2C /* TweetFetcher.swift in Sources */,
				471D62E923B6501B00001375 /* TweetMainViewModel.swift in Sources */,
				471D62E023B64A6800001375 /* TweetSlices.swift in Sources */,
				4762A8BB23B9B86D00497E2C /* ContentDetailViewController.swift in Sources */,
				471D62EC23B6652100001375 /* RxExtensions.swift in Sources */,
				471D629923B624B000001375 /* AppDelegate.swift in Sources */,
				4762A8BE23B9CF1C00497E2C /* TweetValidator.swift in Sources */,
				471D62FA23B88B6500001375 /* UserInfoHeaderView.swift in Sources */,
				471D62F523B78FB900001375 /* ImageManager.swift in Sources */,
				471D62D023B62F9100001375 /* Apis.swift in Sources */,
				471D62DB23B63CE800001375 /* Tweets.swift in Sources */,
				471D62CB23B62E0F00001375 /* Firer.swift in Sources */,
				471D62CE23B62E4B00001375 /* DemoRequestConfig.swift in Sources */,
				471D62E523B64D2B00001375 /* ImageCell.swift in Sources */,
				4762A8CD23BB342000497E2C /* BottomLineView.swift in Sources */,
				471D62E723B64E4D00001375 /* CommentCell.swift in Sources */,
				471D62EE23B6EFF900001375 /* BasicExtensions.swift in Sources */,
			);
			runOnlyForDeploymentPostprocessing = 0;
		};
		471D62A723B624B200001375 /* Sources */ = {
			isa = PBXSourcesBuildPhase;
			buildActionMask = 2147483647;
			files = (
				4762A8C623BAEF8800497E2C /* TweetsTests.swift in Sources */,
			);
			runOnlyForDeploymentPostprocessing = 0;
		};
/* End PBXSourcesBuildPhase section */

/* Begin PBXTargetDependency section */
		471D62AD23B624B200001375 /* PBXTargetDependency */ = {
			isa = PBXTargetDependency;
			target = 471D629423B624B000001375 /* ThoughtworkMoment */;
			targetProxy = 471D62AC23B624B200001375 /* PBXContainerItemProxy */;
		};
/* End PBXTargetDependency section */

/* Begin PBXVariantGroup section */
		471D629E23B624B000001375 /* Main.storyboard */ = {
			isa = PBXVariantGroup;
			children = (
				471D629F23B624B000001375 /* Base */,
			);
			name = Main.storyboard;
			sourceTree = "<group>";
		};
		471D62A323B624B200001375 /* LaunchScreen.storyboard */ = {
			isa = PBXVariantGroup;
			children = (
				471D62A423B624B200001375 /* Base */,
			);
			name = LaunchScreen.storyboard;
			sourceTree = "<group>";
		};
/* End PBXVariantGroup section */

/* Begin XCBuildConfiguration section */
		471D62BD23B624B200001375 /* Debug */ = {
			isa = XCBuildConfiguration;
			buildSettings = {
				ALWAYS_SEARCH_USER_PATHS = NO;
				CLANG_ANALYZER_NONNULL = YES;
				CLANG_ANALYZER_NUMBER_OBJECT_CONVERSION = YES_AGGRESSIVE;
				CLANG_CXX_LANGUAGE_STANDARD = "gnu++14";
				CLANG_CXX_LIBRARY = "libc++";
				CLANG_ENABLE_MODULES = YES;
				CLANG_ENABLE_OBJC_ARC = YES;
				CLANG_ENABLE_OBJC_WEAK = YES;
				CLANG_WARN_BLOCK_CAPTURE_AUTORELEASING = YES;
				CLANG_WARN_BOOL_CONVERSION = YES;
				CLANG_WARN_COMMA = YES;
				CLANG_WARN_CONSTANT_CONVERSION = YES;
				CLANG_WARN_DEPRECATED_OBJC_IMPLEMENTATIONS = YES;
				CLANG_WARN_DIRECT_OBJC_ISA_USAGE = YES_ERROR;
				CLANG_WARN_DOCUMENTATION_COMMENTS = YES;
				CLANG_WARN_EMPTY_BODY = YES;
				CLANG_WARN_ENUM_CONVERSION = YES;
				CLANG_WARN_INFINITE_RECURSION = YES;
				CLANG_WARN_INT_CONVERSION = YES;
				CLANG_WARN_NON_LITERAL_NULL_CONVERSION = YES;
				CLANG_WARN_OBJC_IMPLICIT_RETAIN_SELF = YES;
				CLANG_WARN_OBJC_LITERAL_CONVERSION = YES;
				CLANG_WARN_OBJC_ROOT_CLASS = YES_ERROR;
				CLANG_WARN_RANGE_LOOP_ANALYSIS = YES;
				CLANG_WARN_STRICT_PROTOTYPES = YES;
				CLANG_WARN_SUSPICIOUS_MOVE = YES;
				CLANG_WARN_UNGUARDED_AVAILABILITY = YES_AGGRESSIVE;
				CLANG_WARN_UNREACHABLE_CODE = YES;
				CLANG_WARN__DUPLICATE_METHOD_MATCH = YES;
				COPY_PHASE_STRIP = NO;
				DEBUG_INFORMATION_FORMAT = dwarf;
				ENABLE_STRICT_OBJC_MSGSEND = YES;
				ENABLE_TESTABILITY = YES;
				GCC_C_LANGUAGE_STANDARD = gnu11;
				GCC_DYNAMIC_NO_PIC = NO;
				GCC_NO_COMMON_BLOCKS = YES;
				GCC_OPTIMIZATION_LEVEL = 0;
				GCC_PREPROCESSOR_DEFINITIONS = (
					"DEBUG=1",
					"$(inherited)",
				);
				GCC_WARN_64_TO_32_BIT_CONVERSION = YES;
				GCC_WARN_ABOUT_RETURN_TYPE = YES_ERROR;
				GCC_WARN_UNDECLARED_SELECTOR = YES;
				GCC_WARN_UNINITIALIZED_AUTOS = YES_AGGRESSIVE;
				GCC_WARN_UNUSED_FUNCTION = YES;
				GCC_WARN_UNUSED_VARIABLE = YES;
				IPHONEOS_DEPLOYMENT_TARGET = 11.0;
				MTL_ENABLE_DEBUG_INFO = INCLUDE_SOURCE;
				MTL_FAST_MATH = YES;
				ONLY_ACTIVE_ARCH = YES;
				SDKROOT = iphoneos;
				SWIFT_ACTIVE_COMPILATION_CONDITIONS = DEBUG;
				SWIFT_OPTIMIZATION_LEVEL = "-Onone";
			};
			name = Debug;
		};
		471D62BE23B624B200001375 /* Release */ = {
			isa = XCBuildConfiguration;
			buildSettings = {
				ALWAYS_SEARCH_USER_PATHS = NO;
				CLANG_ANALYZER_NONNULL = YES;
				CLANG_ANALYZER_NUMBER_OBJECT_CONVERSION = YES_AGGRESSIVE;
				CLANG_CXX_LANGUAGE_STANDARD = "gnu++14";
				CLANG_CXX_LIBRARY = "libc++";
				CLANG_ENABLE_MODULES = YES;
				CLANG_ENABLE_OBJC_ARC = YES;
				CLANG_ENABLE_OBJC_WEAK = YES;
				CLANG_WARN_BLOCK_CAPTURE_AUTORELEASING = YES;
				CLANG_WARN_BOOL_CONVERSION = YES;
				CLANG_WARN_COMMA = YES;
				CLANG_WARN_CONSTANT_CONVERSION = YES;
				CLANG_WARN_DEPRECATED_OBJC_IMPLEMENTATIONS = YES;
				CLANG_WARN_DIRECT_OBJC_ISA_USAGE = YES_ERROR;
				CLANG_WARN_DOCUMENTATION_COMMENTS = YES;
				CLANG_WARN_EMPTY_BODY = YES;
				CLANG_WARN_ENUM_CONVERSION = YES;
				CLANG_WARN_INFINITE_RECURSION = YES;
				CLANG_WARN_INT_CONVERSION = YES;
				CLANG_WARN_NON_LITERAL_NULL_CONVERSION = YES;
				CLANG_WARN_OBJC_IMPLICIT_RETAIN_SELF = YES;
				CLANG_WARN_OBJC_LITERAL_CONVERSION = YES;
				CLANG_WARN_OBJC_ROOT_CLASS = YES_ERROR;
				CLANG_WARN_RANGE_LOOP_ANALYSIS = YES;
				CLANG_WARN_STRICT_PROTOTYPES = YES;
				CLANG_WARN_SUSPICIOUS_MOVE = YES;
				CLANG_WARN_UNGUARDED_AVAILABILITY = YES_AGGRESSIVE;
				CLANG_WARN_UNREACHABLE_CODE = YES;
				CLANG_WARN__DUPLICATE_METHOD_MATCH = YES;
				COPY_PHASE_STRIP = NO;
				DEBUG_INFORMATION_FORMAT = "dwarf-with-dsym";
				ENABLE_NS_ASSERTIONS = NO;
				ENABLE_STRICT_OBJC_MSGSEND = YES;
				GCC_C_LANGUAGE_STANDARD = gnu11;
				GCC_NO_COMMON_BLOCKS = YES;
				GCC_WARN_64_TO_32_BIT_CONVERSION = YES;
				GCC_WARN_ABOUT_RETURN_TYPE = YES_ERROR;
				GCC_WARN_UNDECLARED_SELECTOR = YES;
				GCC_WARN_UNINITIALIZED_AUTOS = YES_AGGRESSIVE;
				GCC_WARN_UNUSED_FUNCTION = YES;
				GCC_WARN_UNUSED_VARIABLE = YES;
				IPHONEOS_DEPLOYMENT_TARGET = 11.0;
				MTL_ENABLE_DEBUG_INFO = NO;
				MTL_FAST_MATH = YES;
				SDKROOT = iphoneos;
				SWIFT_COMPILATION_MODE = wholemodule;
				SWIFT_OPTIMIZATION_LEVEL = "-O";
				VALIDATE_PRODUCT = YES;
			};
			name = Release;
		};
		471D62C023B624B200001375 /* Debug */ = {
			isa = XCBuildConfiguration;
			baseConfigurationReference = 1CBD136AB53E98F7BB1237C2 /* Pods-ThoughtworkMoment.debug.xcconfig */;
			buildSettings = {
				ASSETCATALOG_COMPILER_APPICON_NAME = AppIcon;
				CODE_SIGN_STYLE = Automatic;
				DEVELOPMENT_TEAM = 9S7PX8JB5Y;
				INFOPLIST_FILE = ThoughtworkMoment/Info.plist;
				LD_RUNPATH_SEARCH_PATHS = (
					"$(inherited)",
					"@executable_path/Frameworks",
				);
				PRODUCT_BUNDLE_IDENTIFIER = lulu.harly.ThoughtworkMoment;
				PRODUCT_NAME = "$(TARGET_NAME)";
				SWIFT_VERSION = 5.0;
				TARGETED_DEVICE_FAMILY = "1,2";
			};
			name = Debug;
		};
		471D62C123B624B200001375 /* Release */ = {
			isa = XCBuildConfiguration;
			baseConfigurationReference = A847E63A7914A48E8972572D /* Pods-ThoughtworkMoment.release.xcconfig */;
			buildSettings = {
				ASSETCATALOG_COMPILER_APPICON_NAME = AppIcon;
				CODE_SIGN_STYLE = Automatic;
				DEVELOPMENT_TEAM = 9S7PX8JB5Y;
				INFOPLIST_FILE = ThoughtworkMoment/Info.plist;
				LD_RUNPATH_SEARCH_PATHS = (
					"$(inherited)",
					"@executable_path/Frameworks",
				);
				PRODUCT_BUNDLE_IDENTIFIER = lulu.harly.ThoughtworkMoment;
				PRODUCT_NAME = "$(TARGET_NAME)";
				SWIFT_VERSION = 5.0;
				TARGETED_DEVICE_FAMILY = "1,2";
			};
			name = Release;
		};
		471D62C323B624B200001375 /* Debug */ = {
			isa = XCBuildConfiguration;
			baseConfigurationReference = FBE1ED0214E6447D0E280622 /* Pods-ThoughtworkMomentTests.debug.xcconfig */;
			buildSettings = {
				ALWAYS_EMBED_SWIFT_STANDARD_LIBRARIES = YES;
				BUNDLE_LOADER = "$(TEST_HOST)";
				CODE_SIGN_STYLE = Automatic;
				DEVELOPMENT_TEAM = 5K7P4774AQ;
				INFOPLIST_FILE = ThoughtworkMomentTests/Info.plist;
				IPHONEOS_DEPLOYMENT_TARGET = 13.2;
				LD_RUNPATH_SEARCH_PATHS = (
					"$(inherited)",
					"@executable_path/Frameworks",
					"@loader_path/Frameworks",
				);
				PRODUCT_BUNDLE_IDENTIFIER = lulu.harly.ThoughtworkMomentTests;
				PRODUCT_NAME = "$(TARGET_NAME)";
				SWIFT_VERSION = 5.0;
				TARGETED_DEVICE_FAMILY = "1,2";
				TEST_HOST = "$(BUILT_PRODUCTS_DIR)/ThoughtworkMoment.app/ThoughtworkMoment";
			};
			name = Debug;
		};
		471D62C423B624B200001375 /* Release */ = {
			isa = XCBuildConfiguration;
			baseConfigurationReference = 326994D7272642C00B0CD5B6 /* Pods-ThoughtworkMomentTests.release.xcconfig */;
			buildSettings = {
				ALWAYS_EMBED_SWIFT_STANDARD_LIBRARIES = YES;
				BUNDLE_LOADER = "$(TEST_HOST)";
				CODE_SIGN_STYLE = Automatic;
				DEVELOPMENT_TEAM = 5K7P4774AQ;
				INFOPLIST_FILE = ThoughtworkMomentTests/Info.plist;
				IPHONEOS_DEPLOYMENT_TARGET = 13.2;
				LD_RUNPATH_SEARCH_PATHS = (
					"$(inherited)",
					"@executable_path/Frameworks",
					"@loader_path/Frameworks",
				);
				PRODUCT_BUNDLE_IDENTIFIER = lulu.harly.ThoughtworkMomentTests;
				PRODUCT_NAME = "$(TARGET_NAME)";
				SWIFT_VERSION = 5.0;
				TARGETED_DEVICE_FAMILY = "1,2";
				TEST_HOST = "$(BUILT_PRODUCTS_DIR)/ThoughtworkMoment.app/ThoughtworkMoment";
			};
			name = Release;
		};
/* End XCBuildConfiguration section */

/* Begin XCConfigurationList section */
		471D629023B624B000001375 /* Build configuration list for PBXProject "ThoughtworkMoment" */ = {
			isa = XCConfigurationList;
			buildConfigurations = (
				471D62BD23B624B200001375 /* Debug */,
				471D62BE23B624B200001375 /* Release */,
			);
			defaultConfigurationIsVisible = 0;
			defaultConfigurationName = Release;
		};
		471D62BF23B624B200001375 /* Build configuration list for PBXNativeTarget "ThoughtworkMoment" */ = {
			isa = XCConfigurationList;
			buildConfigurations = (
				471D62C023B624B200001375 /* Debug */,
				471D62C123B624B200001375 /* Release */,
			);
			defaultConfigurationIsVisible = 0;
			defaultConfigurationName = Release;
		};
		471D62C223B624B200001375 /* Build configuration list for PBXNativeTarget "ThoughtworkMomentTests" */ = {
			isa = XCConfigurationList;
			buildConfigurations = (
				471D62C323B624B200001375 /* Debug */,
				471D62C423B624B200001375 /* Release */,
			);
			defaultConfigurationIsVisible = 0;
			defaultConfigurationName = Release;
		};
/* End XCConfigurationList section */
	};
	rootObject = 471D628D23B624B000001375 /* Project object */;
}
